
Microsoft Visual Studio Solution File, Format Version 12.00
# Visual Studio 2012
Project("{8BC9CEB8-8B4A-11D0-8D11-00A0C91BC942}") = "Lab_5", "Lab_5\Lab_5.vcxproj", "{1BBD031D-F231-4EF3-BF68-F7B9BB5BF3F1}"
EndProject
Global
	GlobalSection(SolutionConfigurationPlatforms) = preSolution
		Debug|Win32 = Debug|Win32
		Release|Win32 = Release|Win32
	EndGlobalSection
	GlobalSection(ProjectConfigurationPlatforms) = postSolution
		{1BBD031D-F231-4EF3-BF68-F7B9BB5BF3F1}.Debug|Win32.ActiveCfg = Debug|Win32
		{1BBD031D-F231-4EF3-BF68-F7B9BB5BF3F1}.Debug|Win32.Build.0 = Debug|Win32
		{1BBD031D-F231-4EF3-BF68-F7B9BB5BF3F1}.Release|Win32.ActiveCfg = Release|Win32
		{1BBD031D-F231-4EF3-BF68-F7B9BB5BF3F1}.Release|Win32.Build.0 = Release|Win32
	EndGlobalSection
	GlobalSection(SolutionProperties) = preSolution
		HideSolutionNode = FALSE
	EndGlobalSection
EndGlobal
